
Microsoft Visual Studio Solution File, Format Version 12.00
# Visual Studio Version 17
VisualStudioVersion = 17.5.002.0
MinimumVisualStudioVersion = 10.0.40219.1
Project("{9A19103F-16F7-4668-BE54-9A1E7A4F7556}") = "WebTemplate", "WebTemplate.csproj", "{28C97760-0CAA-4511-B9E3-BA74B46B53FB}"
EndProject
Global
	GlobalSection(SolutionConfigurationPlatforms) = preSolution
		Debug|Any CPU = Debug|Any CPU
		Release|Any CPU = Release|Any CPU
	EndGlobalSection
	GlobalSection(ProjectConfigurationPlatforms) = postSolution
		{28C97760-0CAA-4511-B9E3-BA74B46B53FB}.Debug|Any CPU.ActiveCfg = Debug|Any CPU
		{28C97760-0CAA-4511-B9E3-BA74B46B53FB}.Debug|Any CPU.Build.0 = Debug|Any CPU
		{28C97760-0CAA-4511-B9E3-BA74B46B53FB}.Release|Any CPU.ActiveCfg = Release|Any CPU
		{28C97760-0CAA-4511-B9E3-BA74B46B53FB}.Release|Any CPU.Build.0 = Release|Any CPU
	EndGlobalSection
	GlobalSection(SolutionProperties) = preSolution
		HideSolutionNode = FALSE
	EndGlobalSection
	GlobalSection(ExtensibilityGlobals) = postSolution
		SolutionGuid = {605A20A8-AF68-4540-8979-DB8E6D42E539}
	EndGlobalSection
EndGlobal
